// !$*UTF8*$!
{
	archiveVersion = 1;
	classes = {
	};
	objectVersion = 48;
	objects = {

/* Begin PBXBuildFile section */
		7FC0B3D92045F47900AC9E4A /* FirebaseManager.swift in Sources */ = {isa = PBXBuildFile; fileRef = 7FC0B3D82045F47900AC9E4A /* FirebaseManager.swift */; };
		7FC0B3DB2045F4CC00AC9E4A /* GoogleService-Info.plist in Resources */ = {isa = PBXBuildFile; fileRef = 7FC0B3DA2045F4CC00AC9E4A /* GoogleService-Info.plist */; };
		7FD04D1020211909004D46D9 /* AppDelegate.swift in Sources */ = {isa = PBXBuildFile; fileRef = 7FD04D0F20211909004D46D9 /* AppDelegate.swift */; };
		7FD04D1720211909004D46D9 /* Assets.xcassets in Resources */ = {isa = PBXBuildFile; fileRef = 7FD04D1620211909004D46D9 /* Assets.xcassets */; };
		7FD04D1A20211909004D46D9 /* LaunchScreen.storyboard in Resources */ = {isa = PBXBuildFile; fileRef = 7FD04D1820211909004D46D9 /* LaunchScreen.storyboard */; };
		7FD04D2420211A33004D46D9 /* TableViewController.swift in Sources */ = {isa = PBXBuildFile; fileRef = 7FD04D2320211A33004D46D9 /* TableViewController.swift */; };
		C5DCF6FBE30216105B1967AE /* Pods_ShoppingList.framework in Frameworks */ = {isa = PBXBuildFile; fileRef = 488138083B77E4ED3810B176 /* Pods_ShoppingList.framework */; };
/* End PBXBuildFile section */

/* Begin PBXFileReference section */
		17795D047F5E3B9FE695B6A6 /* Pods-ShoppingList.release.xcconfig */ = {isa = PBXFileReference; includeInIndex = 1; lastKnownFileType = text.xcconfig; name = "Pods-ShoppingList.release.xcconfig"; path = "Pods/Target Support Files/Pods-ShoppingList/Pods-ShoppingList.release.xcconfig"; sourceTree = "<group>"; };
		488138083B77E4ED3810B176 /* Pods_ShoppingList.framework */ = {isa = PBXFileReference; explicitFileType = wrapper.framework; includeInIndex = 0; path = Pods_ShoppingList.framework; sourceTree = BUILT_PRODUCTS_DIR; };
		7FC0B3D82045F47900AC9E4A /* FirebaseManager.swift */ = {isa = PBXFileReference; lastKnownFileType = sourcecode.swift; path = FirebaseManager.swift; sourceTree = "<group>"; };
		7FC0B3DA2045F4CC00AC9E4A /* GoogleService-Info.plist */ = {isa = PBXFileReference; fileEncoding = 4; lastKnownFileType = text.plist.xml; path = "GoogleService-Info.plist"; sourceTree = "<group>"; };
		7FD04D0C20211908004D46D9 /* ShoppingList.app */ = {isa = PBXFileReference; explicitFileType = wrapper.application; includeInIndex = 0; path = ShoppingList.app; sourceTree = BUILT_PRODUCTS_DIR; };
		7FD04D0F20211909004D46D9 /* AppDelegate.swift */ = {isa = PBXFileReference; lastKnownFileType = sourcecode.swift; path = AppDelegate.swift; sourceTree = "<group>"; };
		7FD04D1620211909004D46D9 /* Assets.xcassets */ = {isa = PBXFileReference; lastKnownFileType = folder.assetcatalog; path = Assets.xcassets; sourceTree = "<group>"; };
		7FD04D1920211909004D46D9 /* Base */ = {isa = PBXFileReference; lastKnownFileType = file.storyboard; name = Base; path = Base.lproj/LaunchScreen.storyboard; sourceTree = "<group>"; };
		7FD04D1B20211909004D46D9 /* Info.plist */ = {isa = PBXFileReference; lastKnownFileType = text.plist.xml; path = Info.plist; sourceTree = "<group>"; };
		7FD04D2320211A33004D46D9 /* TableViewController.swift */ = {isa = PBXFileReference; lastKnownFileType = sourcecode.swift; path = TableViewController.swift; sourceTree = "<group>"; };
		C1B0AD508FE9B187A3146D6E /* Pods-ShoppingList.debug.xcconfig */ = {isa = PBXFileReference; includeInIndex = 1; lastKnownFileType = text.xcconfig; name = "Pods-ShoppingList.debug.xcconfig"; path = "Pods/Target Support Files/Pods-ShoppingList/Pods-ShoppingList.debug.xcconfig"; sourceTree = "<group>"; };
/* End PBXFileReference section */

/* Begin PBXFrameworksBuildPhase section */
		7FD04D0920211908004D46D9 /* Frameworks */ = {
			isa = PBXFrameworksBuildPhase;
			buildActionMask = 2147483647;
			files = (
				C5DCF6FBE30216105B1967AE /* Pods_ShoppingList.framework in Frameworks */,
			);
			runOnlyForDeploymentPostprocessing = 0;
		};
/* End PBXFrameworksBuildPhase section */

/* Begin PBXGroup section */
		008B6CBCF14BC27778A28567 /* Frameworks */ = {
			isa = PBXGroup;
			children = (
				488138083B77E4ED3810B176 /* Pods_ShoppingList.framework */,
			);
			name = Frameworks;
			sourceTree = "<group>";
		};
		1DBA655ACFEAC37B6CD06FE2 /* Pods */ = {
			isa = PBXGroup;
			children = (
				C1B0AD508FE9B187A3146D6E /* Pods-ShoppingList.debug.xcconfig */,
				17795D047F5E3B9FE695B6A6 /* Pods-ShoppingList.release.xcconfig */,
			);
			name = Pods;
			sourceTree = "<group>";
		};
		7FD04D0320211908004D46D9 = {
			isa = PBXGroup;
			children = (
				7FD04D0E20211908004D46D9 /* ShoppingList */,
				7FD04D0D20211908004D46D9 /* Products */,
				1DBA655ACFEAC37B6CD06FE2 /* Pods */,
				008B6CBCF14BC27778A28567 /* Frameworks */,
			);
			sourceTree = "<group>";
		};
		7FD04D0D20211908004D46D9 /* Products */ = {
			isa = PBXGroup;
			children = (
				7FD04D0C20211908004D46D9 /* ShoppingList.app */,
			);
			name = Products;
			sourceTree = "<group>";
		};
		7FD04D0E20211908004D46D9 /* ShoppingList */ = {
			isa = PBXGroup;
			children = (
				7FC0B3DA2045F4CC00AC9E4A /* GoogleService-Info.plist */,
				7FD04D0F20211909004D46D9 /* AppDelegate.swift */,
				7FD04D1620211909004D46D9 /* Assets.xcassets */,
				7FD04D1820211909004D46D9 /* LaunchScreen.storyboard */,
				7FD04D1B20211909004D46D9 /* Info.plist */,
				7FD04D2320211A33004D46D9 /* TableViewController.swift */,
				7FC0B3D82045F47900AC9E4A /* FirebaseManager.swift */,
			);
			path = ShoppingList;
			sourceTree = "<group>";
		};
/* End PBXGroup section */

/* Begin PBXNativeTarget section */
		7FD04D0B20211908004D46D9 /* ShoppingList */ = {
			isa = PBXNativeTarget;
			buildConfigurationList = 7FD04D1E20211909004D46D9 /* Build configuration list for PBXNativeTarget "ShoppingList" */;
			buildPhases = (
				D9428A2D1A1F683D539857CE /* [CP] Check Pods Manifest.lock */,
				7FD04D0820211908004D46D9 /* Sources */,
				7FD04D0920211908004D46D9 /* Frameworks */,
				7FD04D0A20211908004D46D9 /* Resources */,
				90D238360231EF2C8B691341 /* [CP] Embed Pods Frameworks */,
				645F0B17B4830725B0C3E3EC /* [CP] Copy Pods Resources */,
			);
			buildRules = (
			);
			dependencies = (
			);
			name = ShoppingList;
			productName = ShoppingList;
			productReference = 7FD04D0C20211908004D46D9 /* ShoppingList.app */;
			productType = "com.apple.product-type.application";
		};
/* End PBXNativeTarget section */

/* Begin PBXProject section */
		7FD04D0420211908004D46D9 /* Project object */ = {
			isa = PBXProject;
			attributes = {
				LastSwiftUpdateCheck = 0920;
				LastUpgradeCheck = 0920;
				ORGANIZATIONNAME = "Jared Williams";
				TargetAttributes = {
					7FD04D0B20211908004D46D9 = {
						CreatedOnToolsVersion = 9.2;
						ProvisioningStyle = Automatic;
					};
				};
			};
			buildConfigurationList = 7FD04D0720211908004D46D9 /* Build configuration list for PBXProject "ShoppingList" */;
			compatibilityVersion = "Xcode 8.0";
			developmentRegion = en;
			hasScannedForEncodings = 0;
			knownRegions = (
				en,
				Base,
			);
			mainGroup = 7FD04D0320211908004D46D9;
			productRefGroup = 7FD04D0D20211908004D46D9 /* Products */;
			projectDirPath = "";
			projectRoot = "";
			targets = (
				7FD04D0B20211908004D46D9 /* ShoppingList */,
			);
		};
/* End PBXProject section */

/* Begin PBXResourcesBuildPhase section */
		7FD04D0A20211908004D46D9 /* Resources */ = {
			isa = PBXResourcesBuildPhase;
			buildActionMask = 2147483647;
			files = (
				7FD04D1A20211909004D46D9 /* LaunchScreen.storyboard in Resources */,
				7FD04D1720211909004D46D9 /* Assets.xcassets in Resources */,
				7FC0B3DB2045F4CC00AC9E4A /* GoogleService-Info.plist in Resources */,
			);
			runOnlyForDeploymentPostprocessing = 0;
		};
/* End PBXResourcesBuildPhase section */

/* Begin PBXShellScriptBuildPhase section */
		645F0B17B4830725B0C3E3EC /* [CP] Copy Pods Resources */ = {
			isa = PBXShellScriptBuildPhase;
			buildActionMask = 2147483647;
			files = (
			);
			inputPaths = (
			);
			name = "[CP] Copy Pods Resources";
			outputPaths = (
			);
			runOnlyForDeploymentPostprocessing = 0;
			shellPath = /bin/sh;
			shellScript = "\"${SRCROOT}/Pods/Target Support Files/Pods-ShoppingList/Pods-ShoppingList-resources.sh\"\n";
			showEnvVarsInLog = 0;
		};
		90D238360231EF2C8B691341 /* [CP] Embed Pods Frameworks */ = {
			isa = PBXShellScriptBuildPhase;
			buildActionMask = 2147483647;
			files = (
			);
			inputPaths = (
				"${SRCROOT}/Pods/Target Support Files/Pods-ShoppingList/Pods-ShoppingList-frameworks.sh",
				"${BUILT_PRODUCTS_DIR}/GTMSessionFetcher/GTMSessionFetcher.framework",
				"${BUILT_PRODUCTS_DIR}/GoogleToolboxForMac/GoogleToolboxForMac.framework",
				"${BUILT_PRODUCTS_DIR}/leveldb-library/leveldb.framework",
				"${BUILT_PRODUCTS_DIR}/nanopb/nanopb.framework",
			);
			name = "[CP] Embed Pods Frameworks";
			outputPaths = (
				"${TARGET_BUILD_DIR}/${FRAMEWORKS_FOLDER_PATH}/GTMSessionFetcher.framework",
				"${TARGET_BUILD_DIR}/${FRAMEWORKS_FOLDER_PATH}/GoogleToolboxForMac.framework",
				"${TARGET_BUILD_DIR}/${FRAMEWORKS_FOLDER_PATH}/leveldb.framework",
				"${TARGET_BUILD_DIR}/${FRAMEWORKS_FOLDER_PATH}/nanopb.framework",
			);
			runOnlyForDeploymentPostprocessing = 0;
			shellPath = /bin/sh;
			shellScript = "\"${SRCROOT}/Pods/Target Support Files/Pods-ShoppingList/Pods-ShoppingList-frameworks.sh\"\n";
			showEnvVarsInLog = 0;
		};
		D9428A2D1A1F683D539857CE /* [CP] Check Pods Manifest.lock */ = {
			isa = PBXShellScriptBuildPhase;
			buildActionMask = 2147483647;
			files = (
			);
			inputPaths = (
				"${PODS_PODFILE_DIR_PATH}/Podfile.lock",
				"${PODS_ROOT}/Manifest.lock",
			);
			name = "[CP] Check Pods Manifest.lock";
			outputPaths = (
				"$(DERIVED_FILE_DIR)/Pods-ShoppingList-checkManifestLockResult.txt",
			);
			runOnlyForDeploymentPostprocessing = 0;
			shellPath = /bin/sh;
			shellScript = "diff \"${PODS_PODFILE_DIR_PATH}/Podfile.lock\" \"${PODS_ROOT}/Manifest.lock\" > /dev/null\nif [ $? != 0 ] ; then\n    # print error to STDERR\n    echo \"error: The sandbox is not in sync with the Podfile.lock. Run 'pod install' or update your CocoaPods installation.\" >&2\n    exit 1\nfi\n# This output is used by Xcode 'outputs' to avoid re-running this script phase.\necho \"SUCCESS\" > \"${SCRIPT_OUTPUT_FILE_0}\"\n";
			showEnvVarsInLog = 0;
		};
/* End PBXShellScriptBuildPhase section */

/* Begin PBXSourcesBuildPhase section */
		7FD04D0820211908004D46D9 /* Sources */ = {
			isa = PBXSourcesBuildPhase;
			buildActionMask = 2147483647;
			files = (
				7FC0B3D92045F47900AC9E4A /* FirebaseManager.swift in Sources */,
				7FD04D1020211909004D46D9 /* AppDelegate.swift in Sources */,
				7FD04D2420211A33004D46D9 /* TableViewController.swift in Sources */,
			);
			runOnlyForDeploymentPostprocessing = 0;
		};
/* End PBXSourcesBuildPhase section */

/* Begin PBXVariantGroup section */
		7FD04D1820211909004D46D9 /* LaunchScreen.storyboard */ = {
			isa = PBXVariantGroup;
			children = (
				7FD04D1920211909004D46D9 /* Base */,
			);
			name = LaunchScreen.storyboard;
			sourceTree = "<group>";
		};
/* End PBXVariantGroup section */

/* Begin XCBuildConfiguration section */
		7FD04D1C20211909004D46D9 /* Debug */ = {
			isa = XCBuildConfiguration;
			buildSettings = {
				ALWAYS_SEARCH_USER_PATHS = NO;
				CLANG_ANALYZER_NONNULL = YES;
				CLANG_ANALYZER_NUMBER_OBJECT_CONVERSION = YES_AGGRESSIVE;
				CLANG_CXX_LANGUAGE_STANDARD = "gnu++14";
				CLANG_CXX_LIBRARY = "libc++";
				CLANG_ENABLE_MODULES = YES;
				CLANG_ENABLE_OBJC_ARC = YES;
				CLANG_WARN_BLOCK_CAPTURE_AUTORELEASING = YES;
				CLANG_WARN_BOOL_CONVERSION = YES;
				CLANG_WARN_COMMA = YES;
				CLANG_WARN_CONSTANT_CONVERSION = YES;
				CLANG_WARN_DIRECT_OBJC_ISA_USAGE = YES_ERROR;
				CLANG_WARN_DOCUMENTATION_COMMENTS = YES;
				CLANG_WARN_EMPTY_BODY = YES;
				CLANG_WARN_ENUM_CONVERSION = YES;
				CLANG_WARN_INFINITE_RECURSION = YES;
				CLANG_WARN_INT_CONVERSION = YES;
				CLANG_WARN_NON_LITERAL_NULL_CONVERSION = YES;
				CLANG_WARN_OBJC_LITERAL_CONVERSION = YES;
				CLANG_WARN_OBJC_ROOT_CLASS = YES_ERROR;
				CLANG_WARN_RANGE_LOOP_ANALYSIS = YES;
				CLANG_WARN_STRICT_PROTOTYPES = YES;
				CLANG_WARN_SUSPICIOUS_MOVE = YES;
				CLANG_WARN_UNGUARDED_AVAILABILITY = YES_AGGRESSIVE;
				CLANG_WARN_UNREACHABLE_CODE = YES;
				CLANG_WARN__DUPLICATE_METHOD_MATCH = YES;
				CODE_SIGN_IDENTITY = "iPhone Developer";
				COPY_PHASE_STRIP = NO;
				DEBUG_INFORMATION_FORMAT = dwarf;
				ENABLE_STRICT_OBJC_MSGSEND = YES;
				ENABLE_TESTABILITY = YES;
				GCC_C_LANGUAGE_STANDARD = gnu11;
				GCC_DYNAMIC_NO_PIC = NO;
				GCC_NO_COMMON_BLOCKS = YES;
				GCC_OPTIMIZATION_LEVEL = 0;
				GCC_PREPROCESSOR_DEFINITIONS = (
					"DEBUG=1",
					"$(inherited)",
				);
				GCC_WARN_64_TO_32_BIT_CONVERSION = YES;
				GCC_WARN_ABOUT_RETURN_TYPE = YES_ERROR;
				GCC_WARN_UNDECLARED_SELECTOR = YES;
				GCC_WARN_UNINITIALIZED_AUTOS = YES_AGGRESSIVE;
				GCC_WARN_UNUSED_FUNCTION = YES;
				GCC_WARN_UNUSED_VARIABLE = YES;
				IPHONEOS_DEPLOYMENT_TARGET = 11.2;
				MTL_ENABLE_DEBUG_INFO = YES;
				ONLY_ACTIVE_ARCH = YES;
				SDKROOT = iphoneos;
				SWIFT_ACTIVE_COMPILATION_CONDITIONS = DEBUG;
				SWIFT_OPTIMIZATION_LEVEL = "-Onone";
			};
			name = Debug;
		};
		7FD04D1D20211909004D46D9 /* Release */ = {
			isa = XCBuildConfiguration;
			buildSettings = {
				ALWAYS_SEARCH_USER_PATHS = NO;
				CLANG_ANALYZER_NONNULL = YES;
				CLANG_ANALYZER_NUMBER_OBJECT_CONVERSION = YES_AGGRESSIVE;
				CLANG_CXX_LANGUAGE_STANDARD = "gnu++14";
				CLANG_CXX_LIBRARY = "libc++";
				CLANG_ENABLE_MODULES = YES;
				CLANG_ENABLE_OBJC_ARC = YES;
				CLANG_WARN_BLOCK_CAPTURE_AUTORELEASING = YES;
				CLANG_WARN_BOOL_CONVERSION = YES;
				CLANG_WARN_COMMA = YES;
				CLANG_WARN_CONSTANT_CONVERSION = YES;
				CLANG_WARN_DIRECT_OBJC_ISA_USAGE = YES_ERROR;
				CLANG_WARN_DOCUMENTATION_COMMENTS = YES;
				CLANG_WARN_EMPTY_BODY = YES;
				CLANG_WARN_ENUM_CONVERSION = YES;
				CLANG_WARN_INFINITE_RECURSION = YES;
				CLANG_WARN_INT_CONVERSION = YES;
				CLANG_WARN_NON_LITERAL_NULL_CONVERSION = YES;
				CLANG_WARN_OBJC_LITERAL_CONVERSION = YES;
				CLANG_WARN_OBJC_ROOT_CLASS = YES_ERROR;
				CLANG_WARN_RANGE_LOOP_ANALYSIS = YES;
				CLANG_WARN_STRICT_PROTOTYPES = YES;
				CLANG_WARN_SUSPICIOUS_MOVE = YES;
				CLANG_WARN_UNGUARDED_AVAILABILITY = YES_AGGRESSIVE;
				CLANG_WARN_UNREACHABLE_CODE = YES;
				CLANG_WARN__DUPLICATE_METHOD_MATCH = YES;
				CODE_SIGN_IDENTITY = "iPhone Developer";
				COPY_PHASE_STRIP = NO;
				DEBUG_INFORMATION_FORMAT = "dwarf-with-dsym";
				ENABLE_NS_ASSERTIONS = NO;
				ENABLE_STRICT_OBJC_MSGSEND = YES;
				GCC_C_LANGUAGE_STANDARD = gnu11;
				GCC_NO_COMMON_BLOCKS = YES;
				GCC_WARN_64_TO_32_BIT_CONVERSION = YES;
				GCC_WARN_ABOUT_RETURN_TYPE = YES_ERROR;
				GCC_WARN_UNDECLARED_SELECTOR = YES;
				GCC_WARN_UNINITIALIZED_AUTOS = YES_AGGRESSIVE;
				GCC_WARN_UNUSED_FUNCTION = YES;
				GCC_WARN_UNUSED_VARIABLE = YES;
				IPHONEOS_DEPLOYMENT_TARGET = 11.2;
				MTL_ENABLE_DEBUG_INFO = NO;
				SDKROOT = iphoneos;
				SWIFT_OPTIMIZATION_LEVEL = "-Owholemodule";
				VALIDATE_PRODUCT = YES;
			};
			name = Release;
		};
		7FD04D1F20211909004D46D9 /* Debug */ = {
			isa = XCBuildConfiguration;
			baseConfigurationReference = C1B0AD508FE9B187A3146D6E /* Pods-ShoppingList.debug.xcconfig */;
			buildSettings = {
				ASSETCATALOG_COMPILER_APPICON_NAME = AppIcon;
				CODE_SIGN_STYLE = Automatic;
				DEVELOPMENT_TEAM = 8SR3MG6VY6;
				INFOPLIST_FILE = ShoppingList/Info.plist;
				LD_RUNPATH_SEARCH_PATHS = "$(inherited) @executable_path/Frameworks";
				PRODUCT_BUNDLE_IDENTIFIER = com.JaredWilliams.ShoppingList;
				PRODUCT_NAME = "$(TARGET_NAME)";
				SWIFT_VERSION = 4.0;
				TARGETED_DEVICE_FAMILY = "1,2";
			};
			name = Debug;
		};
		7FD04D2020211909004D46D9 /* Release */ = {
			isa = XCBuildConfiguration;
			baseConfigurationReference = 17795D047F5E3B9FE695B6A6 /* Pods-ShoppingList.release.xcconfig */;
			buildSettings = {
				ASSETCATALOG_COMPILER_APPICON_NAME = AppIcon;
				CODE_SIGN_STYLE = Automatic;
				DEVELOPMENT_TEAM = 8SR3MG6VY6;
				INFOPLIST_FILE = ShoppingList/Info.plist;
				LD_RUNPATH_SEARCH_PATHS = "$(inherited) @executable_path/Frameworks";
				PRODUCT_BUNDLE_IDENTIFIER = com.JaredWilliams.ShoppingList;
				PRODUCT_NAME = "$(TARGET_NAME)";
				SWIFT_VERSION = 4.0;
				TARGETED_DEVICE_FAMILY = "1,2";
			};
			name = Release;
		};
/* End XCBuildConfiguration section */

/* Begin XCConfigurationList section */
		7FD04D0720211908004D46D9 /* Build configuration list for PBXProject "ShoppingList" */ = {
			isa = XCConfigurationList;
			buildConfigurations = (
				7FD04D1C20211909004D46D9 /* Debug */,
				7FD04D1D20211909004D46D9 /* Release */,
			);
			defaultConfigurationIsVisible = 0;
			defaultConfigurationName = Release;
		};
		7FD04D1E20211909004D46D9 /* Build configuration list for PBXNativeTarget "ShoppingList" */ = {
			isa = XCConfigurationList;
			buildConfigurations = (
				7FD04D1F20211909004D46D9 /* Debug */,
				7FD04D2020211909004D46D9 /* Release */,
			);
			defaultConfigurationIsVisible = 0;
			defaultConfigurationName = Release;
		};
/* End XCConfigurationList section */
	};
	rootObject = 7FD04D0420211908004D46D9 /* Project object */;
}
